// !$*UTF8*$!
{
	archiveVersion = 1;
	classes = {
	};
	objectVersion = 77;
	objects = {

/* Begin PBXBuildFile section */
		09BF3048CC0819AB38B40420 /* RoutingLLMClient.swift in Sources */ = {isa = PBXBuildFile; fileRef = D4147C9C88C1C8A54EE64D45 /* RoutingLLMClient.swift */; };
		1649F3D820B402BF71AB1616 /* OpenRouterClient.swift in Sources */ = {isa = PBXBuildFile; fileRef = 3940D402B2EB3378F1307380 /* OpenRouterClient.swift */; };
		1A986A05B0C07816446CF817 /* MessagesDirectoryAccessStore.swift in Sources */ = {isa = PBXBuildFile; fileRef = 473B6FF4EF8B39C58FDCD85D /* MessagesDirectoryAccessStore.swift */; };
		1EE19E6F1033CF9C9DEFCB06 /* GRDB in Frameworks */ = {isa = PBXBuildFile; productRef = 035B459A3EDE63FCDC83DC32 /* GRDB */; };
		216FCD85466793A3B0CD92A6 /* OllamaClient.swift in Sources */ = {isa = PBXBuildFile; fileRef = AC58B9CEF34AD7547D354FA2 /* OllamaClient.swift */; };
		219D9A3C7A95AA959EF66CD2 /* RootView.swift in Sources */ = {isa = PBXBuildFile; fileRef = 1B65ADF34EFAD53ECB82C7CC /* RootView.swift */; };
		284D5C3EA776823BC1479118 /* MessagesStoreReader.swift in Sources */ = {isa = PBXBuildFile; fileRef = C04BEB6F29FD8EC23E3C9D1A /* MessagesStoreReader.swift */; };
		321995C7495D6D4CCDF68996 /* Summarizer.swift in Sources */ = {isa = PBXBuildFile; fileRef = F474D6ADE26ABF5FB83AAFA5 /* Summarizer.swift */; };
		3DCBD677931D50998AC2CE8C /* ResponderUITests.swift in Sources */ = {isa = PBXBuildFile; fileRef = 09E2CC634E4F2CB3F77F5B58 /* ResponderUITests.swift */; };
		41AD7CD3933400D8F7B2DE35 /* MessagesSender.swift in Sources */ = {isa = PBXBuildFile; fileRef = 908F1A994034212257A7F8F2 /* MessagesSender.swift */; };
		435F945D96988E01D748902E /* GRDB in Frameworks */ = {isa = PBXBuildFile; productRef = 5894C177A58EE2D98018388C /* GRDB */; };
		522DB90EC86F97697BC1EB8C /* ActivityLogView.swift in Sources */ = {isa = PBXBuildFile; fileRef = 7DDA6425BC2391081619C823 /* ActivityLogView.swift */; };
		64749700E24C387C4F4B141E /* PolicyEngine.swift in Sources */ = {isa = PBXBuildFile; fileRef = 0397F93FCBF61EBC5F61CDF2 /* PolicyEngine.swift */; };
		73B9B0E5D572E3F9D039A5CE /* OnboardingView.swift in Sources */ = {isa = PBXBuildFile; fileRef = A67911A2CAAC144CEA293852 /* OnboardingView.swift */; };
		8657DB84EE2FE07C94F9C434 /* AutonomyEngine.swift in Sources */ = {isa = PBXBuildFile; fileRef = 920C3319A63E2FF0E3F348F1 /* AutonomyEngine.swift */; };
		865AD018B6D7FE351B9F16F9 /* Protocols.swift in Sources */ = {isa = PBXBuildFile; fileRef = AF26D22C81B4D020F04D4AD2 /* Protocols.swift */; };
		98CE66D2E6E90D21EFB22E00 /* ResponderApp.swift in Sources */ = {isa = PBXBuildFile; fileRef = A4676272CE7029B590570AD0 /* ResponderApp.swift */; };
		B4EE40B2F4FAE0B0AEF62FCC /* ResponderTests.swift in Sources */ = {isa = PBXBuildFile; fileRef = E1E0475A5F2F14AF06DAA096 /* ResponderTests.swift */; };
		B5B2D68DD4D85170D8DDF1CD /* DomainModels.swift in Sources */ = {isa = PBXBuildFile; fileRef = D5FECE13CFC19ECE5DF9DA07 /* DomainModels.swift */; };
		BF4C0DE46AE3B64202A76F89 /* MemoryInspectorView.swift in Sources */ = {isa = PBXBuildFile; fileRef = 1E1E9776B6D28463A36A77F3 /* MemoryInspectorView.swift */; };
		C21838FFF4C7047E8A12FAC3 /* AppModel.swift in Sources */ = {isa = PBXBuildFile; fileRef = B6DF98F677CA6A3730A54912 /* AppModel.swift */; };
		DBE68B2C3DD4DE4780FBB1A0 /* AppContainer.swift in Sources */ = {isa = PBXBuildFile; fileRef = 08AC1930F179989FD7BD7751 /* AppContainer.swift */; };
		E73FCE4A185C4F02383E28D8 /* SettingsView.swift in Sources */ = {isa = PBXBuildFile; fileRef = 04D98917EF7DCAAD92C5C252 /* SettingsView.swift */; };
		E778AE515196869662D2273F /* MemoryEngine.swift in Sources */ = {isa = PBXBuildFile; fileRef = 3CF78FE779CF650FFA4D3050 /* MemoryEngine.swift */; };
		EF8FFA2FE866DAEEE9767C6A /* AppDatabase.swift in Sources */ = {isa = PBXBuildFile; fileRef = 993D84EA5CCB7DCBF1284D10 /* AppDatabase.swift */; };
		F908FED1C99C41DB88E303CF /* ContextManager.swift in Sources */ = {isa = PBXBuildFile; fileRef = 7F47B1E9937941B5A2DBCAAA /* ContextManager.swift */; };
		F985FE3B27875AC82E2ACBBB /* PermissionGateView.swift in Sources */ = {isa = PBXBuildFile; fileRef = F304213FE4F167323D35C07C /* PermissionGateView.swift */; };
/* End PBXBuildFile section */

/* Begin PBXContainerItemProxy section */
		4D44EB08A9B890CD04F87300 /* PBXContainerItemProxy */ = {
			isa = PBXContainerItemProxy;
			containerPortal = 116310E08C397F9E2A9C5FBB /* Project object */;
			proxyType = 1;
			remoteGlobalIDString = FDEBE4E7064B4090703FE8F0;
			remoteInfo = Responder;
		};
		8C4322782B58A358DF559F28 /* PBXContainerItemProxy */ = {
			isa = PBXContainerItemProxy;
			containerPortal = 116310E08C397F9E2A9C5FBB /* Project object */;
			proxyType = 1;
			remoteGlobalIDString = FDEBE4E7064B4090703FE8F0;
			remoteInfo = Responder;
		};
/* End PBXContainerItemProxy section */

/* Begin PBXFileReference section */
		0397F93FCBF61EBC5F61CDF2 /* PolicyEngine.swift */ = {isa = PBXFileReference; lastKnownFileType = sourcecode.swift; path = PolicyEngine.swift; sourceTree = "<group>"; };
		04D98917EF7DCAAD92C5C252 /* SettingsView.swift */ = {isa = PBXFileReference; lastKnownFileType = sourcecode.swift; path = SettingsView.swift; sourceTree = "<group>"; };
		08AC1930F179989FD7BD7751 /* AppContainer.swift */ = {isa = PBXFileReference; lastKnownFileType = sourcecode.swift; path = AppContainer.swift; sourceTree = "<group>"; };
		09E2CC634E4F2CB3F77F5B58 /* ResponderUITests.swift */ = {isa = PBXFileReference; lastKnownFileType = sourcecode.swift; path = ResponderUITests.swift; sourceTree = "<group>"; };
		1B65ADF34EFAD53ECB82C7CC /* RootView.swift */ = {isa = PBXFileReference; lastKnownFileType = sourcecode.swift; path = RootView.swift; sourceTree = "<group>"; };
		1E1E9776B6D28463A36A77F3 /* MemoryInspectorView.swift */ = {isa = PBXFileReference; lastKnownFileType = sourcecode.swift; path = MemoryInspectorView.swift; sourceTree = "<group>"; };
		1FA8EA705EB2DB83DBCAB6B5 /* ResponderTests.xctest */ = {isa = PBXFileReference; explicitFileType = wrapper.cfbundle; includeInIndex = 0; path = ResponderTests.xctest; sourceTree = BUILT_PRODUCTS_DIR; };
		3940D402B2EB3378F1307380 /* OpenRouterClient.swift */ = {isa = PBXFileReference; lastKnownFileType = sourcecode.swift; path = OpenRouterClient.swift; sourceTree = "<group>"; };
		3CF78FE779CF650FFA4D3050 /* MemoryEngine.swift */ = {isa = PBXFileReference; lastKnownFileType = sourcecode.swift; path = MemoryEngine.swift; sourceTree = "<group>"; };
		473B6FF4EF8B39C58FDCD85D /* MessagesDirectoryAccessStore.swift */ = {isa = PBXFileReference; lastKnownFileType = sourcecode.swift; path = MessagesDirectoryAccessStore.swift; sourceTree = "<group>"; };
		517F8656D404C03D86DA8568 /* ResponderUITests.xctest */ = {isa = PBXFileReference; explicitFileType = wrapper.cfbundle; includeInIndex = 0; path = ResponderUITests.xctest; sourceTree = BUILT_PRODUCTS_DIR; };
		7DDA6425BC2391081619C823 /* ActivityLogView.swift */ = {isa = PBXFileReference; lastKnownFileType = sourcecode.swift; path = ActivityLogView.swift; sourceTree = "<group>"; };
		7F47B1E9937941B5A2DBCAAA /* ContextManager.swift */ = {isa = PBXFileReference; lastKnownFileType = sourcecode.swift; path = ContextManager.swift; sourceTree = "<group>"; };
		908F1A994034212257A7F8F2 /* MessagesSender.swift */ = {isa = PBXFileReference; lastKnownFileType = sourcecode.swift; path = MessagesSender.swift; sourceTree = "<group>"; };
		91E3D321598AD9D71430CC04 /* Responder.app */ = {isa = PBXFileReference; explicitFileType = wrapper.application; includeInIndex = 0; path = Responder.app; sourceTree = BUILT_PRODUCTS_DIR; };
		920C3319A63E2FF0E3F348F1 /* AutonomyEngine.swift */ = {isa = PBXFileReference; lastKnownFileType = sourcecode.swift; path = AutonomyEngine.swift; sourceTree = "<group>"; };
		993D84EA5CCB7DCBF1284D10 /* AppDatabase.swift */ = {isa = PBXFileReference; lastKnownFileType = sourcecode.swift; path = AppDatabase.swift; sourceTree = "<group>"; };
		A4676272CE7029B590570AD0 /* ResponderApp.swift */ = {isa = PBXFileReference; lastKnownFileType = sourcecode.swift; path = ResponderApp.swift; sourceTree = "<group>"; };
		A67911A2CAAC144CEA293852 /* OnboardingView.swift */ = {isa = PBXFileReference; lastKnownFileType = sourcecode.swift; path = OnboardingView.swift; sourceTree = "<group>"; };
		AC58B9CEF34AD7547D354FA2 /* OllamaClient.swift */ = {isa = PBXFileReference; lastKnownFileType = sourcecode.swift; path = OllamaClient.swift; sourceTree = "<group>"; };
		AF26D22C81B4D020F04D4AD2 /* Protocols.swift */ = {isa = PBXFileReference; lastKnownFileType = sourcecode.swift; path = Protocols.swift; sourceTree = "<group>"; };
		B6DF98F677CA6A3730A54912 /* AppModel.swift */ = {isa = PBXFileReference; lastKnownFileType = sourcecode.swift; path = AppModel.swift; sourceTree = "<group>"; };
		C04BEB6F29FD8EC23E3C9D1A /* MessagesStoreReader.swift */ = {isa = PBXFileReference; lastKnownFileType = sourcecode.swift; path = MessagesStoreReader.swift; sourceTree = "<group>"; };
		D4147C9C88C1C8A54EE64D45 /* RoutingLLMClient.swift */ = {isa = PBXFileReference; lastKnownFileType = sourcecode.swift; path = RoutingLLMClient.swift; sourceTree = "<group>"; };
		D5FECE13CFC19ECE5DF9DA07 /* DomainModels.swift */ = {isa = PBXFileReference; lastKnownFileType = sourcecode.swift; path = DomainModels.swift; sourceTree = "<group>"; };
		E1E0475A5F2F14AF06DAA096 /* ResponderTests.swift */ = {isa = PBXFileReference; lastKnownFileType = sourcecode.swift; path = ResponderTests.swift; sourceTree = "<group>"; };
		F304213FE4F167323D35C07C /* PermissionGateView.swift */ = {isa = PBXFileReference; lastKnownFileType = sourcecode.swift; path = PermissionGateView.swift; sourceTree = "<group>"; };
		F474D6ADE26ABF5FB83AAFA5 /* Summarizer.swift */ = {isa = PBXFileReference; lastKnownFileType = sourcecode.swift; path = Summarizer.swift; sourceTree = "<group>"; };
/* End PBXFileReference section */

/* Begin PBXFrameworksBuildPhase section */
		5D1F690E76CE141B45D26753 /* Frameworks */ = {
			isa = PBXFrameworksBuildPhase;
			buildActionMask = 2147483647;
			files = (
				435F945D96988E01D748902E /* GRDB in Frameworks */,
			);
			runOnlyForDeploymentPostprocessing = 0;
		};
		F953B908EF074768E15B81E2 /* Frameworks */ = {
			isa = PBXFrameworksBuildPhase;
			buildActionMask = 2147483647;
			files = (
				1EE19E6F1033CF9C9DEFCB06 /* GRDB in Frameworks */,
			);
			runOnlyForDeploymentPostprocessing = 0;
		};
/* End PBXFrameworksBuildPhase section */

/* Begin PBXGroup section */
		16190AB5D1E9A3B38DE72B09 /* Persistence */ = {
			isa = PBXGroup;
			children = (
				993D84EA5CCB7DCBF1284D10 /* AppDatabase.swift */,
			);
			path = Persistence;
			sourceTree = "<group>";
		};
		2D4F2B8152874EA055FB1078 /* Sources */ = {
			isa = PBXGroup;
			children = (
				D113601F04E56D63C1EE8715 /* App */,
				58AE2E7AA3E20D7C27BA67BA /* Models */,
				16190AB5D1E9A3B38DE72B09 /* Persistence */,
				96B524933484C6794F78A09C /* Services */,
				FA448B2D014D4204872F0114 /* ViewModels */,
				5F3F70DAC7CF9253960FB4FC /* Views */,
			);
			name = Sources;
			path = Responder/Sources;
			sourceTree = "<group>";
		};
		58AE2E7AA3E20D7C27BA67BA /* Models */ = {
			isa = PBXGroup;
			children = (
				D5FECE13CFC19ECE5DF9DA07 /* DomainModels.swift */,
			);
			path = Models;
			sourceTree = "<group>";
		};
		5CB9999DD262077837741DBE = {
			isa = PBXGroup;
			children = (
				82D7464E3EFF52FADD3DE23D /* ResponderTests */,
				C527F052837115E239E2A216 /* ResponderUITests */,
				2D4F2B8152874EA055FB1078 /* Sources */,
				B41E3B3987C73BAE4F765872 /* Products */,
			);
			sourceTree = "<group>";
		};
		5F3F70DAC7CF9253960FB4FC /* Views */ = {
			isa = PBXGroup;
			children = (
				7DDA6425BC2391081619C823 /* ActivityLogView.swift */,
				1E1E9776B6D28463A36A77F3 /* MemoryInspectorView.swift */,
				A67911A2CAAC144CEA293852 /* OnboardingView.swift */,
				F304213FE4F167323D35C07C /* PermissionGateView.swift */,
				1B65ADF34EFAD53ECB82C7CC /* RootView.swift */,
				04D98917EF7DCAAD92C5C252 /* SettingsView.swift */,
			);
			path = Views;
			sourceTree = "<group>";
		};
		82D7464E3EFF52FADD3DE23D /* ResponderTests */ = {
			isa = PBXGroup;
			children = (
				E1E0475A5F2F14AF06DAA096 /* ResponderTests.swift */,
			);
			path = ResponderTests;
			sourceTree = "<group>";
		};
		96B524933484C6794F78A09C /* Services */ = {
			isa = PBXGroup;
			children = (
				920C3319A63E2FF0E3F348F1 /* AutonomyEngine.swift */,
				7F47B1E9937941B5A2DBCAAA /* ContextManager.swift */,
				3CF78FE779CF650FFA4D3050 /* MemoryEngine.swift */,
				473B6FF4EF8B39C58FDCD85D /* MessagesDirectoryAccessStore.swift */,
				908F1A994034212257A7F8F2 /* MessagesSender.swift */,
				C04BEB6F29FD8EC23E3C9D1A /* MessagesStoreReader.swift */,
				AC58B9CEF34AD7547D354FA2 /* OllamaClient.swift */,
				3940D402B2EB3378F1307380 /* OpenRouterClient.swift */,
				0397F93FCBF61EBC5F61CDF2 /* PolicyEngine.swift */,
				AF26D22C81B4D020F04D4AD2 /* Protocols.swift */,
				D4147C9C88C1C8A54EE64D45 /* RoutingLLMClient.swift */,
				F474D6ADE26ABF5FB83AAFA5 /* Summarizer.swift */,
			);
			path = Services;
			sourceTree = "<group>";
		};
		B41E3B3987C73BAE4F765872 /* Products */ = {
			isa = PBXGroup;
			children = (
				91E3D321598AD9D71430CC04 /* Responder.app */,
				1FA8EA705EB2DB83DBCAB6B5 /* ResponderTests.xctest */,
				517F8656D404C03D86DA8568 /* ResponderUITests.xctest */,
			);
			name = Products;
			sourceTree = "<group>";
		};
		C527F052837115E239E2A216 /* ResponderUITests */ = {
			isa = PBXGroup;
			children = (
				09E2CC634E4F2CB3F77F5B58 /* ResponderUITests.swift */,
			);
			path = ResponderUITests;
			sourceTree = "<group>";
		};
		D113601F04E56D63C1EE8715 /* App */ = {
			isa = PBXGroup;
			children = (
				08AC1930F179989FD7BD7751 /* AppContainer.swift */,
				A4676272CE7029B590570AD0 /* ResponderApp.swift */,
			);
			path = App;
			sourceTree = "<group>";
		};
		FA448B2D014D4204872F0114 /* ViewModels */ = {
			isa = PBXGroup;
			children = (
				B6DF98F677CA6A3730A54912 /* AppModel.swift */,
			);
			path = ViewModels;
			sourceTree = "<group>";
		};
/* End PBXGroup section */

/* Begin PBXNativeTarget section */
		854507AAD98D0B4B2C9AA90E /* ResponderUITests */ = {
			isa = PBXNativeTarget;
			buildConfigurationList = 6CB50E524CFCBCE6770E443E /* Build configuration list for PBXNativeTarget "ResponderUITests" */;
			buildPhases = (
				0145D329563945B5201546BF /* Sources */,
			);
			buildRules = (
			);
			dependencies = (
				56B9EEE28325EAE015336BAD /* PBXTargetDependency */,
			);
			name = ResponderUITests;
			packageProductDependencies = (
			);
			productName = ResponderUITests;
			productReference = 517F8656D404C03D86DA8568 /* ResponderUITests.xctest */;
			productType = "com.apple.product-type.bundle.ui-testing";
		};
		8EB8755C9D235BA37EFF0CF7 /* ResponderTests */ = {
			isa = PBXNativeTarget;
			buildConfigurationList = 1234271E02D8CA146D10F2D1 /* Build configuration list for PBXNativeTarget "ResponderTests" */;
			buildPhases = (
				476B6435958DB064EB995D6A /* Sources */,
				5D1F690E76CE141B45D26753 /* Frameworks */,
			);
			buildRules = (
			);
			dependencies = (
				4678AF963D07D7DAC15781E0 /* PBXTargetDependency */,
			);
			name = ResponderTests;
			packageProductDependencies = (
				5894C177A58EE2D98018388C /* GRDB */,
			);
			productName = ResponderTests;
			productReference = 1FA8EA705EB2DB83DBCAB6B5 /* ResponderTests.xctest */;
			productType = "com.apple.product-type.bundle.unit-test";
		};
		FDEBE4E7064B4090703FE8F0 /* Responder */ = {
			isa = PBXNativeTarget;
			buildConfigurationList = 508F9C35F853AD0BF882FD5C /* Build configuration list for PBXNativeTarget "Responder" */;
			buildPhases = (
				244A01FDF051F88B6554071A /* Sources */,
				F953B908EF074768E15B81E2 /* Frameworks */,
			);
			buildRules = (
			);
			dependencies = (
			);
			name = Responder;
			packageProductDependencies = (
				035B459A3EDE63FCDC83DC32 /* GRDB */,
			);
			productName = Responder;
			productReference = 91E3D321598AD9D71430CC04 /* Responder.app */;
			productType = "com.apple.product-type.application";
		};
/* End PBXNativeTarget section */

/* Begin PBXProject section */
		116310E08C397F9E2A9C5FBB /* Project object */ = {
			isa = PBXProject;
			attributes = {
				BuildIndependentTargetsInParallel = YES;
				LastUpgradeCheck = 1430;
				TargetAttributes = {
					854507AAD98D0B4B2C9AA90E = {
						TestTargetID = FDEBE4E7064B4090703FE8F0;
					};
					FDEBE4E7064B4090703FE8F0 = {
						ProvisioningStyle = Automatic;
					};
				};
			};
			buildConfigurationList = B99754867F5BC74DD65D2B12 /* Build configuration list for PBXProject "Responder" */;
			compatibilityVersion = "Xcode 14.0";
			developmentRegion = en;
			hasScannedForEncodings = 0;
			knownRegions = (
				Base,
				en,
			);
			mainGroup = 5CB9999DD262077837741DBE;
			minimizedProjectReferenceProxies = 1;
			packageReferences = (
				2CC8F10A3B8D6B63B771AB0E /* XCRemoteSwiftPackageReference "GRDB.swift" */,
			);
			preferredProjectObjectVersion = 77;
			projectDirPath = "";
			projectRoot = "";
			targets = (
				FDEBE4E7064B4090703FE8F0 /* Responder */,
				8EB8755C9D235BA37EFF0CF7 /* ResponderTests */,
				854507AAD98D0B4B2C9AA90E /* ResponderUITests */,
			);
		};
/* End PBXProject section */

/* Begin PBXSourcesBuildPhase section */
		0145D329563945B5201546BF /* Sources */ = {
			isa = PBXSourcesBuildPhase;
			buildActionMask = 2147483647;
			files = (
				3DCBD677931D50998AC2CE8C /* ResponderUITests.swift in Sources */,
			);
			runOnlyForDeploymentPostprocessing = 0;
		};
		244A01FDF051F88B6554071A /* Sources */ = {
			isa = PBXSourcesBuildPhase;
			buildActionMask = 2147483647;
			files = (
				522DB90EC86F97697BC1EB8C /* ActivityLogView.swift in Sources */,
				DBE68B2C3DD4DE4780FBB1A0 /* AppContainer.swift in Sources */,
				EF8FFA2FE866DAEEE9767C6A /* AppDatabase.swift in Sources */,
				C21838FFF4C7047E8A12FAC3 /* AppModel.swift in Sources */,
				8657DB84EE2FE07C94F9C434 /* AutonomyEngine.swift in Sources */,
				F908FED1C99C41DB88E303CF /* ContextManager.swift in Sources */,
				B5B2D68DD4D85170D8DDF1CD /* DomainModels.swift in Sources */,
				E778AE515196869662D2273F /* MemoryEngine.swift in Sources */,
				BF4C0DE46AE3B64202A76F89 /* MemoryInspectorView.swift in Sources */,
				1A986A05B0C07816446CF817 /* MessagesDirectoryAccessStore.swift in Sources */,
				41AD7CD3933400D8F7B2DE35 /* MessagesSender.swift in Sources */,
				284D5C3EA776823BC1479118 /* MessagesStoreReader.swift in Sources */,
				216FCD85466793A3B0CD92A6 /* OllamaClient.swift in Sources */,
				73B9B0E5D572E3F9D039A5CE /* OnboardingView.swift in Sources */,
				1649F3D820B402BF71AB1616 /* OpenRouterClient.swift in Sources */,
				F985FE3B27875AC82E2ACBBB /* PermissionGateView.swift in Sources */,
				64749700E24C387C4F4B141E /* PolicyEngine.swift in Sources */,
				865AD018B6D7FE351B9F16F9 /* Protocols.swift in Sources */,
				98CE66D2E6E90D21EFB22E00 /* ResponderApp.swift in Sources */,
				219D9A3C7A95AA959EF66CD2 /* RootView.swift in Sources */,
				09BF3048CC0819AB38B40420 /* RoutingLLMClient.swift in Sources */,
				E73FCE4A185C4F02383E28D8 /* SettingsView.swift in Sources */,
				321995C7495D6D4CCDF68996 /* Summarizer.swift in Sources */,
			);
			runOnlyForDeploymentPostprocessing = 0;
		};
		476B6435958DB064EB995D6A /* Sources */ = {
			isa = PBXSourcesBuildPhase;
			buildActionMask = 2147483647;
			files = (
				B4EE40B2F4FAE0B0AEF62FCC /* ResponderTests.swift in Sources */,
			);
			runOnlyForDeploymentPostprocessing = 0;
		};
/* End PBXSourcesBuildPhase section */

/* Begin PBXTargetDependency section */
		4678AF963D07D7DAC15781E0 /* PBXTargetDependency */ = {
			isa = PBXTargetDependency;
			target = FDEBE4E7064B4090703FE8F0 /* Responder */;
			targetProxy = 4D44EB08A9B890CD04F87300 /* PBXContainerItemProxy */;
		};
		56B9EEE28325EAE015336BAD /* PBXTargetDependency */ = {
			isa = PBXTargetDependency;
			target = FDEBE4E7064B4090703FE8F0 /* Responder */;
			targetProxy = 8C4322782B58A358DF559F28 /* PBXContainerItemProxy */;
		};
/* End PBXTargetDependency section */

/* Begin XCBuildConfiguration section */
		18D29F88E056DD5B6D735408 /* Release */ = {
			isa = XCBuildConfiguration;
			buildSettings = {
				BUNDLE_LOADER = "$(TEST_HOST)";
				COMBINE_HIDPI_IMAGES = YES;
				GENERATE_INFOPLIST_FILE = YES;
				LD_RUNPATH_SEARCH_PATHS = (
					"$(inherited)",
					"@executable_path/Frameworks",
					"@loader_path/Frameworks",
				);
				PRODUCT_BUNDLE_IDENTIFIER = com.ash.responder.uitests;
				PRODUCT_NAME = ResponderUITests;
				SDKROOT = macosx;
				TEST_TARGET_NAME = Responder;
			};
			name = Release;
		};
		45373FDA49B13356D3A7F350 /* Debug */ = {
			isa = XCBuildConfiguration;
			buildSettings = {
				BUNDLE_LOADER = "$(TEST_HOST)";
				COMBINE_HIDPI_IMAGES = YES;
				GENERATE_INFOPLIST_FILE = YES;
				LD_RUNPATH_SEARCH_PATHS = (
					"$(inherited)",
					"@executable_path/../Frameworks",
					"@loader_path/../Frameworks",
				);
				PRODUCT_BUNDLE_IDENTIFIER = com.ash.responder.tests;
				PRODUCT_NAME = ResponderTests;
				SDKROOT = macosx;
				TEST_HOST = "$(BUILT_PRODUCTS_DIR)/Responder.app/Contents/MacOS/Responder";
			};
			name = Debug;
		};
		665A7005400656D52BB5F8F5 /* Debug */ = {
			isa = XCBuildConfiguration;
			buildSettings = {
				BUNDLE_LOADER = "$(TEST_HOST)";
				COMBINE_HIDPI_IMAGES = YES;
				GENERATE_INFOPLIST_FILE = YES;
				LD_RUNPATH_SEARCH_PATHS = (
					"$(inherited)",
					"@executable_path/Frameworks",
					"@loader_path/Frameworks",
				);
				PRODUCT_BUNDLE_IDENTIFIER = com.ash.responder.uitests;
				PRODUCT_NAME = ResponderUITests;
				SDKROOT = macosx;
				TEST_TARGET_NAME = Responder;
			};
			name = Debug;
		};
		9D8AD52B874DC753AE2A2457 /* Debug */ = {
			isa = XCBuildConfiguration;
			buildSettings = {
				ASSETCATALOG_COMPILER_APPICON_NAME = AppIcon;
				CODE_SIGN_STYLE = Automatic;
				COMBINE_HIDPI_IMAGES = YES;
				ENABLE_HARDENED_RUNTIME = YES;
				LD_RUNPATH_SEARCH_PATHS = (
					"$(inherited)",
					"@executable_path/../Frameworks",
				);
				PRODUCT_BUNDLE_IDENTIFIER = com.ash.responder;
				PRODUCT_NAME = Responder;
				SDKROOT = macosx;
			};
			name = Debug;
		};
		B0930636FC337B448ABDB1A7 /* Release */ = {
			isa = XCBuildConfiguration;
			buildSettings = {
				BUNDLE_LOADER = "$(TEST_HOST)";
				COMBINE_HIDPI_IMAGES = YES;
				GENERATE_INFOPLIST_FILE = YES;
				LD_RUNPATH_SEARCH_PATHS = (
					"$(inherited)",
					"@executable_path/../Frameworks",
					"@loader_path/../Frameworks",
				);
				PRODUCT_BUNDLE_IDENTIFIER = com.ash.responder.tests;
				PRODUCT_NAME = ResponderTests;
				SDKROOT = macosx;
				TEST_HOST = "$(BUILT_PRODUCTS_DIR)/Responder.app/Contents/MacOS/Responder";
			};
			name = Release;
		};
		DD400FB399BED25F3B048D88 /* Release */ = {
			isa = XCBuildConfiguration;
			buildSettings = {
				ASSETCATALOG_COMPILER_APPICON_NAME = AppIcon;
				CODE_SIGN_STYLE = Automatic;
				COMBINE_HIDPI_IMAGES = YES;
				ENABLE_HARDENED_RUNTIME = YES;
				LD_RUNPATH_SEARCH_PATHS = (
					"$(inherited)",
					"@executable_path/../Frameworks",
				);
				PRODUCT_BUNDLE_IDENTIFIER = com.ash.responder;
				PRODUCT_NAME = Responder;
				SDKROOT = macosx;
			};
			name = Release;
		};
		EF76F4224F01BF395A866C19 /* Release */ = {
			isa = XCBuildConfiguration;
			buildSettings = {
				ALWAYS_SEARCH_USER_PATHS = NO;
				CLANG_ANALYZER_NONNULL = YES;
				CLANG_ANALYZER_NUMBER_OBJECT_CONVERSION = YES_AGGRESSIVE;
				CLANG_CXX_LANGUAGE_STANDARD = "gnu++14";
				CLANG_CXX_LIBRARY = "libc++";
				CLANG_ENABLE_MODULES = YES;
				CLANG_ENABLE_OBJC_ARC = YES;
				CLANG_ENABLE_OBJC_WEAK = YES;
				CLANG_WARN_BLOCK_CAPTURE_AUTORELEASING = YES;
				CLANG_WARN_BOOL_CONVERSION = YES;
				CLANG_WARN_COMMA = YES;
				CLANG_WARN_CONSTANT_CONVERSION = YES;
				CLANG_WARN_DEPRECATED_OBJC_IMPLEMENTATIONS = YES;
				CLANG_WARN_DIRECT_OBJC_ISA_USAGE = YES_ERROR;
				CLANG_WARN_DOCUMENTATION_COMMENTS = YES;
				CLANG_WARN_EMPTY_BODY = YES;
				CLANG_WARN_ENUM_CONVERSION = YES;
				CLANG_WARN_INFINITE_RECURSION = YES;
				CLANG_WARN_INT_CONVERSION = YES;
				CLANG_WARN_NON_LITERAL_NULL_CONVERSION = YES;
				CLANG_WARN_OBJC_IMPLICIT_RETAIN_SELF = YES;
				CLANG_WARN_OBJC_LITERAL_CONVERSION = YES;
				CLANG_WARN_OBJC_ROOT_CLASS = YES_ERROR;
				CLANG_WARN_QUOTED_INCLUDE_IN_FRAMEWORK_HEADER = YES;
				CLANG_WARN_RANGE_LOOP_ANALYSIS = YES;
				CLANG_WARN_STRICT_PROTOTYPES = YES;
				CLANG_WARN_SUSPICIOUS_MOVE = YES;
				CLANG_WARN_UNGUARDED_AVAILABILITY = YES_AGGRESSIVE;
				CLANG_WARN_UNREACHABLE_CODE = YES;
				CLANG_WARN__DUPLICATE_METHOD_MATCH = YES;
				COPY_PHASE_STRIP = NO;
				CURRENT_PROJECT_VERSION = 3;
				DEBUG_INFORMATION_FORMAT = "dwarf-with-dsym";
				ENABLE_NS_ASSERTIONS = NO;
				ENABLE_STRICT_OBJC_MSGSEND = YES;
				GCC_C_LANGUAGE_STANDARD = gnu11;
				GCC_NO_COMMON_BLOCKS = YES;
				GCC_WARN_64_TO_32_BIT_CONVERSION = YES;
				GCC_WARN_ABOUT_RETURN_TYPE = YES_ERROR;
				GCC_WARN_UNDECLARED_SELECTOR = YES;
				GCC_WARN_UNINITIALIZED_AUTOS = YES_AGGRESSIVE;
				GCC_WARN_UNUSED_FUNCTION = YES;
				GCC_WARN_UNUSED_VARIABLE = YES;
				GENERATE_INFOPLIST_FILE = YES;
				INFOPLIST_KEY_LSApplicationCategoryType = "public.app-category.productivity";
				INFOPLIST_KEY_NSAppleEventsUsageDescription = "Responder needs Automation permission to send iMessage drafts through the Messages app when you explicitly enable sending or autonomy.";
				INFOPLIST_KEY_NSContactsUsageDescription = "Responder can use your local Contacts data to label conversations with contact names instead of raw phone numbers or email addresses.";
				MACOSX_DEPLOYMENT_TARGET = 15.0;
				MARKETING_VERSION = 1.0.1;
				MTL_ENABLE_DEBUG_INFO = NO;
				MTL_FAST_MATH = YES;
				PRODUCT_BUNDLE_IDENTIFIER = com.ash.responder;
				PRODUCT_NAME = "$(TARGET_NAME)";
				SDKROOT = macosx;
				SWIFT_COMPILATION_MODE = wholemodule;
				SWIFT_OPTIMIZATION_LEVEL = "-O";
				SWIFT_VERSION = 6.0;
			};
			name = Release;
		};
		F6E2504C66EF0C0E3AD9DFC1 /* Debug */ = {
			isa = XCBuildConfiguration;
			buildSettings = {
				ALWAYS_SEARCH_USER_PATHS = NO;
				CLANG_ANALYZER_NONNULL = YES;
				CLANG_ANALYZER_NUMBER_OBJECT_CONVERSION = YES_AGGRESSIVE;
				CLANG_CXX_LANGUAGE_STANDARD = "gnu++14";
				CLANG_CXX_LIBRARY = "libc++";
				CLANG_ENABLE_MODULES = YES;
				CLANG_ENABLE_OBJC_ARC = YES;
				CLANG_ENABLE_OBJC_WEAK = YES;
				CLANG_WARN_BLOCK_CAPTURE_AUTORELEASING = YES;
				CLANG_WARN_BOOL_CONVERSION = YES;
				CLANG_WARN_COMMA = YES;
				CLANG_WARN_CONSTANT_CONVERSION = YES;
				CLANG_WARN_DEPRECATED_OBJC_IMPLEMENTATIONS = YES;
				CLANG_WARN_DIRECT_OBJC_ISA_USAGE = YES_ERROR;
				CLANG_WARN_DOCUMENTATION_COMMENTS = YES;
				CLANG_WARN_EMPTY_BODY = YES;
				CLANG_WARN_ENUM_CONVERSION = YES;
				CLANG_WARN_INFINITE_RECURSION = YES;
				CLANG_WARN_INT_CONVERSION = YES;
				CLANG_WARN_NON_LITERAL_NULL_CONVERSION = YES;
				CLANG_WARN_OBJC_IMPLICIT_RETAIN_SELF = YES;
				CLANG_WARN_OBJC_LITERAL_CONVERSION = YES;
				CLANG_WARN_OBJC_ROOT_CLASS = YES_ERROR;
				CLANG_WARN_QUOTED_INCLUDE_IN_FRAMEWORK_HEADER = YES;
				CLANG_WARN_RANGE_LOOP_ANALYSIS = YES;
				CLANG_WARN_STRICT_PROTOTYPES = YES;
				CLANG_WARN_SUSPICIOUS_MOVE = YES;
				CLANG_WARN_UNGUARDED_AVAILABILITY = YES_AGGRESSIVE;
				CLANG_WARN_UNREACHABLE_CODE = YES;
				CLANG_WARN__DUPLICATE_METHOD_MATCH = YES;
				COPY_PHASE_STRIP = NO;
				CURRENT_PROJECT_VERSION = 3;
				DEBUG_INFORMATION_FORMAT = dwarf;
				ENABLE_STRICT_OBJC_MSGSEND = YES;
				ENABLE_TESTABILITY = YES;
				GCC_C_LANGUAGE_STANDARD = gnu11;
				GCC_DYNAMIC_NO_PIC = NO;
				GCC_NO_COMMON_BLOCKS = YES;
				GCC_OPTIMIZATION_LEVEL = 0;
				GCC_PREPROCESSOR_DEFINITIONS = (
					"$(inherited)",
					"DEBUG=1",
				);
				GCC_WARN_64_TO_32_BIT_CONVERSION = YES;
				GCC_WARN_ABOUT_RETURN_TYPE = YES_ERROR;
				GCC_WARN_UNDECLARED_SELECTOR = YES;
				GCC_WARN_UNINITIALIZED_AUTOS = YES_AGGRESSIVE;
				GCC_WARN_UNUSED_FUNCTION = YES;
				GCC_WARN_UNUSED_VARIABLE = YES;
				GENERATE_INFOPLIST_FILE = YES;
				INFOPLIST_KEY_LSApplicationCategoryType = "public.app-category.productivity";
				INFOPLIST_KEY_NSAppleEventsUsageDescription = "Responder needs Automation permission to send iMessage drafts through the Messages app when you explicitly enable sending or autonomy.";
				INFOPLIST_KEY_NSContactsUsageDescription = "Responder can use your local Contacts data to label conversations with contact names instead of raw phone numbers or email addresses.";
				MACOSX_DEPLOYMENT_TARGET = 15.0;
				MARKETING_VERSION = 1.0.1;
				MTL_ENABLE_DEBUG_INFO = INCLUDE_SOURCE;
				MTL_FAST_MATH = YES;
				ONLY_ACTIVE_ARCH = YES;
				PRODUCT_BUNDLE_IDENTIFIER = com.ash.responder;
				PRODUCT_NAME = "$(TARGET_NAME)";
				SDKROOT = macosx;
				SWIFT_ACTIVE_COMPILATION_CONDITIONS = DEBUG;
				SWIFT_OPTIMIZATION_LEVEL = "-Onone";
				SWIFT_VERSION = 6.0;
			};
			name = Debug;
		};
/* End XCBuildConfiguration section */

/* Begin XCConfigurationList section */
		1234271E02D8CA146D10F2D1 /* Build configuration list for PBXNativeTarget "ResponderTests" */ = {
			isa = XCConfigurationList;
			buildConfigurations = (
				45373FDA49B13356D3A7F350 /* Debug */,
				B0930636FC337B448ABDB1A7 /* Release */,
			);
			defaultConfigurationIsVisible = 0;
			defaultConfigurationName = Debug;
		};
		508F9C35F853AD0BF882FD5C /* Build configuration list for PBXNativeTarget "Responder" */ = {
			isa = XCConfigurationList;
			buildConfigurations = (
				9D8AD52B874DC753AE2A2457 /* Debug */,
				DD400FB399BED25F3B048D88 /* Release */,
			);
			defaultConfigurationIsVisible = 0;
			defaultConfigurationName = Debug;
		};
		6CB50E524CFCBCE6770E443E /* Build configuration list for PBXNativeTarget "ResponderUITests" */ = {
			isa = XCConfigurationList;
			buildConfigurations = (
				665A7005400656D52BB5F8F5 /* Debug */,
				18D29F88E056DD5B6D735408 /* Release */,
			);
			defaultConfigurationIsVisible = 0;
			defaultConfigurationName = Debug;
		};
		B99754867F5BC74DD65D2B12 /* Build configuration list for PBXProject "Responder" */ = {
			isa = XCConfigurationList;
			buildConfigurations = (
				F6E2504C66EF0C0E3AD9DFC1 /* Debug */,
				EF76F4224F01BF395A866C19 /* Release */,
			);
			defaultConfigurationIsVisible = 0;
			defaultConfigurationName = Debug;
		};
/* End XCConfigurationList section */

/* Begin XCRemoteSwiftPackageReference section */
		2CC8F10A3B8D6B63B771AB0E /* XCRemoteSwiftPackageReference "GRDB.swift" */ = {
			isa = XCRemoteSwiftPackageReference;
			repositoryURL = "https://github.com/groue/GRDB.swift.git";
			requirement = {
				kind = upToNextMajorVersion;
				minimumVersion = 7.3.0;
			};
		};
/* End XCRemoteSwiftPackageReference section */

/* Begin XCSwiftPackageProductDependency section */
		035B459A3EDE63FCDC83DC32 /* GRDB */ = {
			isa = XCSwiftPackageProductDependency;
			package = 2CC8F10A3B8D6B63B771AB0E /* XCRemoteSwiftPackageReference "GRDB.swift" */;
			productName = GRDB;
		};
		5894C177A58EE2D98018388C /* GRDB */ = {
			isa = XCSwiftPackageProductDependency;
			package = 2CC8F10A3B8D6B63B771AB0E /* XCRemoteSwiftPackageReference "GRDB.swift" */;
			productName = GRDB;
		};
/* End XCSwiftPackageProductDependency section */
	};
	rootObject = 116310E08C397F9E2A9C5FBB /* Project object */;
}
